
Microsoft Visual Studio Solution File, Format Version 12.00
# Visual Studio Version 17
VisualStudioVersion = 17.10.35122.118
MinimumVisualStudioVersion = 10.0.40219.1
Project("{888888A0-9F3D-457C-B088-3A5042F75D52}") = "MNISTclassification", "MNISTclassification\MNISTclassification.pyproj", "{7DDBC46C-D95A-4FE1-81A4-162BF3CF7530}"
EndProject
Global
	GlobalSection(SolutionConfigurationPlatforms) = preSolution
		Debug|Any CPU = Debug|Any CPU
		Release|Any CPU = Release|Any CPU
	EndGlobalSection
	GlobalSection(ProjectConfigurationPlatforms) = postSolution
		{7DDBC46C-D95A-4FE1-81A4-162BF3CF7530}.Debug|Any CPU.ActiveCfg = Debug|Any CPU
		{7DDBC46C-D95A-4FE1-81A4-162BF3CF7530}.Release|Any CPU.ActiveCfg = Release|Any CPU
	EndGlobalSection
	GlobalSection(SolutionProperties) = preSolution
		HideSolutionNode = FALSE
	EndGlobalSection
	GlobalSection(ExtensibilityGlobals) = postSolution
		SolutionGuid = {50871D2B-1F49-4804-A5BC-D151187535AE}
	EndGlobalSection
EndGlobal
